
Microsoft Visual Studio Solution File, Format Version 12.00
# Visual Studio Version 16
VisualStudioVersion = 16.0.31402.337
MinimumVisualStudioVersion = 10.0.40219.1
Project("{FAE04EC0-301F-11D3-BF4B-00C04F79EFBC}") = "RestWithASPNETUdemy", "RestWithASPNETUdemy\RestWithASPNETUdemy.csproj", "{E3BB5011-4EEF-42FF-89DA-00B993202BEC}"
EndProject
Global
	GlobalSection(SolutionConfigurationPlatforms) = preSolution
		Debug|Any CPU = Debug|Any CPU
		Release|Any CPU = Release|Any CPU
	EndGlobalSection
	GlobalSection(ProjectConfigurationPlatforms) = postSolution
		{E3BB5011-4EEF-42FF-89DA-00B993202BEC}.Debug|Any CPU.ActiveCfg = Debug|Any CPU
		{E3BB5011-4EEF-42FF-89DA-00B993202BEC}.Debug|Any CPU.Build.0 = Debug|Any CPU
		{E3BB5011-4EEF-42FF-89DA-00B993202BEC}.Release|Any CPU.ActiveCfg = Release|Any CPU
		{E3BB5011-4EEF-42FF-89DA-00B993202BEC}.Release|Any CPU.Build.0 = Release|Any CPU
	EndGlobalSection
	GlobalSection(SolutionProperties) = preSolution
		HideSolutionNode = FALSE
	EndGlobalSection
	GlobalSection(ExtensibilityGlobals) = postSolution
		SolutionGuid = {C93F46C4-72CA-41F0-A4B0-B3C121C86D2A}
	EndGlobalSection
EndGlobal
